// !$*UTF8*$!
{
	archiveVersion = 1;
	classes = {
	};
	objectVersion = 46;
	objects = {

/* Begin PBXBuildFile section */
		2D128E5E1F73C0DC0063501D /* csv.swift in Sources */ = {isa = PBXBuildFile; fileRef = 2D128E5D1F73C0DC0063501D /* csv.swift */; };
		2D128E601F73C16A0063501D /* pokemon.csv in Resources */ = {isa = PBXBuildFile; fileRef = 2D128E5F1F73C16A0063501D /* pokemon.csv */; };
		2DA950C31F783259006666CF /* pokeDescVC.swift in Sources */ = {isa = PBXBuildFile; fileRef = 2DA950C21F783259006666CF /* pokeDescVC.swift */; };
		2DE0CF071F72812B00596450 /* AppDelegate.swift in Sources */ = {isa = PBXBuildFile; fileRef = 2DE0CF061F72812B00596450 /* AppDelegate.swift */; };
		2DE0CF091F72812B00596450 /* ViewController.swift in Sources */ = {isa = PBXBuildFile; fileRef = 2DE0CF081F72812B00596450 /* ViewController.swift */; };
		2DE0CF0C1F72812B00596450 /* Main.storyboard in Resources */ = {isa = PBXBuildFile; fileRef = 2DE0CF0A1F72812B00596450 /* Main.storyboard */; };
		2DE0CF0E1F72812B00596450 /* Assets.xcassets in Resources */ = {isa = PBXBuildFile; fileRef = 2DE0CF0D1F72812B00596450 /* Assets.xcassets */; };
		2DE0CF111F72812B00596450 /* LaunchScreen.storyboard in Resources */ = {isa = PBXBuildFile; fileRef = 2DE0CF0F1F72812B00596450 /* LaunchScreen.storyboard */; };
		2DE0CF1C1F72812B00596450 /* pokedexTests.swift in Sources */ = {isa = PBXBuildFile; fileRef = 2DE0CF1B1F72812B00596450 /* pokedexTests.swift */; };
		2DE0CF271F72812B00596450 /* pokedexUITests.swift in Sources */ = {isa = PBXBuildFile; fileRef = 2DE0CF261F72812B00596450 /* pokedexUITests.swift */; };
		2DE0CF361F72882400596450 /* poke class.swift in Sources */ = {isa = PBXBuildFile; fileRef = 2DE0CF351F72882400596450 /* poke class.swift */; };
		2DE0CF3B1F72EDAD00596450 /* pokecell.swift in Sources */ = {isa = PBXBuildFile; fileRef = 2DE0CF3A1F72EDAD00596450 /* pokecell.swift */; };
/* End PBXBuildFile section */

/* Begin PBXContainerItemProxy section */
		2DE0CF181F72812B00596450 /* PBXContainerItemProxy */ = {
			isa = PBXContainerItemProxy;
			containerPortal = 2DE0CEFB1F72812B00596450 /* Project object */;
			proxyType = 1;
			remoteGlobalIDString = 2DE0CF021F72812B00596450;
			remoteInfo = pokedex;
		};
		2DE0CF231F72812B00596450 /* PBXContainerItemProxy */ = {
			isa = PBXContainerItemProxy;
			containerPortal = 2DE0CEFB1F72812B00596450 /* Project object */;
			proxyType = 1;
			remoteGlobalIDString = 2DE0CF021F72812B00596450;
			remoteInfo = pokedex;
		};
/* End PBXContainerItemProxy section */

/* Begin PBXFileReference section */
		2D128E5D1F73C0DC0063501D /* csv.swift */ = {isa = PBXFileReference; fileEncoding = 4; lastKnownFileType = sourcecode.swift; path = csv.swift; sourceTree = "<group>"; };
		2D128E5F1F73C16A0063501D /* pokemon.csv */ = {isa = PBXFileReference; fileEncoding = 4; lastKnownFileType = text; path = pokemon.csv; sourceTree = "<group>"; };
		2DA950C21F783259006666CF /* pokeDescVC.swift */ = {isa = PBXFileReference; fileEncoding = 4; lastKnownFileType = sourcecode.swift; path = pokeDescVC.swift; sourceTree = "<group>"; };
		2DE0CF031F72812B00596450 /* pokedex.app */ = {isa = PBXFileReference; explicitFileType = wrapper.application; includeInIndex = 0; path = pokedex.app; sourceTree = BUILT_PRODUCTS_DIR; };
		2DE0CF061F72812B00596450 /* AppDelegate.swift */ = {isa = PBXFileReference; lastKnownFileType = sourcecode.swift; path = AppDelegate.swift; sourceTree = "<group>"; };
		2DE0CF081F72812B00596450 /* ViewController.swift */ = {isa = PBXFileReference; lastKnownFileType = sourcecode.swift; path = ViewController.swift; sourceTree = "<group>"; };
		2DE0CF0B1F72812B00596450 /* Base */ = {isa = PBXFileReference; lastKnownFileType = file.storyboard; name = Base; path = Base.lproj/Main.storyboard; sourceTree = "<group>"; };
		2DE0CF0D1F72812B00596450 /* Assets.xcassets */ = {isa = PBXFileReference; lastKnownFileType = folder.assetcatalog; path = Assets.xcassets; sourceTree = "<group>"; };
		2DE0CF101F72812B00596450 /* Base */ = {isa = PBXFileReference; lastKnownFileType = file.storyboard; name = Base; path = Base.lproj/LaunchScreen.storyboard; sourceTree = "<group>"; };
		2DE0CF121F72812B00596450 /* Info.plist */ = {isa = PBXFileReference; lastKnownFileType = text.plist.xml; path = Info.plist; sourceTree = "<group>"; };
		2DE0CF171F72812B00596450 /* pokedexTests.xctest */ = {isa = PBXFileReference; explicitFileType = wrapper.cfbundle; includeInIndex = 0; path = pokedexTests.xctest; sourceTree = BUILT_PRODUCTS_DIR; };
		2DE0CF1B1F72812B00596450 /* pokedexTests.swift */ = {isa = PBXFileReference; lastKnownFileType = sourcecode.swift; path = pokedexTests.swift; sourceTree = "<group>"; };
		2DE0CF1D1F72812B00596450 /* Info.plist */ = {isa = PBXFileReference; lastKnownFileType = text.plist.xml; path = Info.plist; sourceTree = "<group>"; };
		2DE0CF221F72812B00596450 /* pokedexUITests.xctest */ = {isa = PBXFileReference; explicitFileType = wrapper.cfbundle; includeInIndex = 0; path = pokedexUITests.xctest; sourceTree = BUILT_PRODUCTS_DIR; };
		2DE0CF261F72812B00596450 /* pokedexUITests.swift */ = {isa = PBXFileReference; lastKnownFileType = sourcecode.swift; path = pokedexUITests.swift; sourceTree = "<group>"; };
		2DE0CF281F72812B00596450 /* Info.plist */ = {isa = PBXFileReference; lastKnownFileType = text.plist.xml; path = Info.plist; sourceTree = "<group>"; };
		2DE0CF351F72882400596450 /* poke class.swift */ = {isa = PBXFileReference; fileEncoding = 4; lastKnownFileType = sourcecode.swift; path = "poke class.swift"; sourceTree = "<group>"; };
		2DE0CF3A1F72EDAD00596450 /* pokecell.swift */ = {isa = PBXFileReference; fileEncoding = 4; lastKnownFileType = sourcecode.swift; path = pokecell.swift; sourceTree = "<group>"; };
/* End PBXFileReference section */

/* Begin PBXFrameworksBuildPhase section */
		2DE0CF001F72812B00596450 /* Frameworks */ = {
			isa = PBXFrameworksBuildPhase;
			buildActionMask = 2147483647;
			files = (
			);
			runOnlyForDeploymentPostprocessing = 0;
		};
		2DE0CF141F72812B00596450 /* Frameworks */ = {
			isa = PBXFrameworksBuildPhase;
			buildActionMask = 2147483647;
			files = (
			);
			runOnlyForDeploymentPostprocessing = 0;
		};
		2DE0CF1F1F72812B00596450 /* Frameworks */ = {
			isa = PBXFrameworksBuildPhase;
			buildActionMask = 2147483647;
			files = (
			);
			runOnlyForDeploymentPostprocessing = 0;
		};
/* End PBXFrameworksBuildPhase section */

/* Begin PBXGroup section */
		2DA950C11F78322E006666CF /* VC */ = {
			isa = PBXGroup;
			children = (
				2DE0CF081F72812B00596450 /* ViewController.swift */,
				2DA950C21F783259006666CF /* pokeDescVC.swift */,
			);
			name = VC;
			sourceTree = "<group>";
		};
		2DE0CEFA1F72812B00596450 = {
			isa = PBXGroup;
			children = (
				2DE0CF051F72812B00596450 /* pokedex */,
				2DE0CF1A1F72812B00596450 /* pokedexTests */,
				2DE0CF251F72812B00596450 /* pokedexUITests */,
				2DE0CF041F72812B00596450 /* Products */,
			);
			sourceTree = "<group>";
		};
		2DE0CF041F72812B00596450 /* Products */ = {
			isa = PBXGroup;
			children = (
				2DE0CF031F72812B00596450 /* pokedex.app */,
				2DE0CF171F72812B00596450 /* pokedexTests.xctest */,
				2DE0CF221F72812B00596450 /* pokedexUITests.xctest */,
			);
			name = Products;
			sourceTree = "<group>";
		};
		2DE0CF051F72812B00596450 /* pokedex */ = {
			isa = PBXGroup;
			children = (
				2DA950C11F78322E006666CF /* VC */,
				2DE0CF371F72ED4600596450 /* View */,
				2DE0CF341F72880800596450 /* Model */,
				2DE0CF061F72812B00596450 /* AppDelegate.swift */,
				2DE0CF0A1F72812B00596450 /* Main.storyboard */,
				2DE0CF0D1F72812B00596450 /* Assets.xcassets */,
				2D128E5D1F73C0DC0063501D /* csv.swift */,
				2D128E5F1F73C16A0063501D /* pokemon.csv */,
				2DE0CF0F1F72812B00596450 /* LaunchScreen.storyboard */,
				2DE0CF121F72812B00596450 /* Info.plist */,
			);
			path = pokedex;
			sourceTree = "<group>";
		};
		2DE0CF1A1F72812B00596450 /* pokedexTests */ = {
			isa = PBXGroup;
			children = (
				2DE0CF1B1F72812B00596450 /* pokedexTests.swift */,
				2DE0CF1D1F72812B00596450 /* Info.plist */,
			);
			path = pokedexTests;
			sourceTree = "<group>";
		};
		2DE0CF251F72812B00596450 /* pokedexUITests */ = {
			isa = PBXGroup;
			children = (
				2DE0CF261F72812B00596450 /* pokedexUITests.swift */,
				2DE0CF281F72812B00596450 /* Info.plist */,
			);
			path = pokedexUITests;
			sourceTree = "<group>";
		};
		2DE0CF341F72880800596450 /* Model */ = {
			isa = PBXGroup;
			children = (
				2DE0CF351F72882400596450 /* poke class.swift */,
			);
			name = Model;
			sourceTree = "<group>";
		};
		2DE0CF371F72ED4600596450 /* View */ = {
			isa = PBXGroup;
			children = (
				2DE0CF3A1F72EDAD00596450 /* pokecell.swift */,
			);
			name = View;
			sourceTree = "<group>";
		};
/* End PBXGroup section */

/* Begin PBXNativeTarget section */
		2DE0CF021F72812B00596450 /* pokedex */ = {
			isa = PBXNativeTarget;
			buildConfigurationList = 2DE0CF2B1F72812B00596450 /* Build configuration list for PBXNativeTarget "pokedex" */;
			buildPhases = (
				2DE0CEFF1F72812B00596450 /* Sources */,
				2DE0CF001F72812B00596450 /* Frameworks */,
				2DE0CF011F72812B00596450 /* Resources */,
			);
			buildRules = (
			);
			dependencies = (
			);
			name = pokedex;
			productName = pokedex;
			productReference = 2DE0CF031F72812B00596450 /* pokedex.app */;
			productType = "com.apple.product-type.application";
		};
		2DE0CF161F72812B00596450 /* pokedexTests */ = {
			isa = PBXNativeTarget;
			buildConfigurationList = 2DE0CF2E1F72812B00596450 /* Build configuration list for PBXNativeTarget "pokedexTests" */;
			buildPhases = (
				2DE0CF131F72812B00596450 /* Sources */,
				2DE0CF141F72812B00596450 /* Frameworks */,
				2DE0CF151F72812B00596450 /* Resources */,
			);
			buildRules = (
			);
			dependencies = (
				2DE0CF191F72812B00596450 /* PBXTargetDependency */,
			);
			name = pokedexTests;
			productName = pokedexTests;
			productReference = 2DE0CF171F72812B00596450 /* pokedexTests.xctest */;
			productType = "com.apple.product-type.bundle.unit-test";
		};
		2DE0CF211F72812B00596450 /* pokedexUITests */ = {
			isa = PBXNativeTarget;
			buildConfigurationList = 2DE0CF311F72812B00596450 /* Build configuration list for PBXNativeTarget "pokedexUITests" */;
			buildPhases = (
				2DE0CF1E1F72812B00596450 /* Sources */,
				2DE0CF1F1F72812B00596450 /* Frameworks */,
				2DE0CF201F72812B00596450 /* Resources */,
			);
			buildRules = (
			);
			dependencies = (
				2DE0CF241F72812B00596450 /* PBXTargetDependency */,
			);
			name = pokedexUITests;
			productName = pokedexUITests;
			productReference = 2DE0CF221F72812B00596450 /* pokedexUITests.xctest */;
			productType = "com.apple.product-type.bundle.ui-testing";
		};
/* End PBXNativeTarget section */

/* Begin PBXProject section */
		2DE0CEFB1F72812B00596450 /* Project object */ = {
			isa = PBXProject;
			attributes = {
				LastSwiftUpdateCheck = 0830;
				LastUpgradeCheck = 0830;
				ORGANIZATIONNAME = "Vyom Unadkat";
				TargetAttributes = {
					2DE0CF021F72812B00596450 = {
						CreatedOnToolsVersion = 8.3.3;
						DevelopmentTeam = L98R8KN4LV;
						ProvisioningStyle = Automatic;
					};
					2DE0CF161F72812B00596450 = {
						CreatedOnToolsVersion = 8.3.3;
						DevelopmentTeam = L98R8KN4LV;
						ProvisioningStyle = Automatic;
						TestTargetID = 2DE0CF021F72812B00596450;
					};
					2DE0CF211F72812B00596450 = {
						CreatedOnToolsVersion = 8.3.3;
						DevelopmentTeam = L98R8KN4LV;
						ProvisioningStyle = Automatic;
						TestTargetID = 2DE0CF021F72812B00596450;
					};
				};
			};
			buildConfigurationList = 2DE0CEFE1F72812B00596450 /* Build configuration list for PBXProject "pokedex" */;
			compatibilityVersion = "Xcode 3.2";
			developmentRegion = English;
			hasScannedForEncodings = 0;
			knownRegions = (
				English,
				en,
				Base,
			);
			mainGroup = 2DE0CEFA1F72812B00596450;
			productRefGroup = 2DE0CF041F72812B00596450 /* Products */;
			projectDirPath = "";
			projectRoot = "";
			targets = (
				2DE0CF021F72812B00596450 /* pokedex */,
				2DE0CF161F72812B00596450 /* pokedexTests */,
				2DE0CF211F72812B00596450 /* pokedexUITests */,
			);
		};
/* End PBXProject section */

/* Begin PBXResourcesBuildPhase section */
		2DE0CF011F72812B00596450 /* Resources */ = {
			isa = PBXResourcesBuildPhase;
			buildActionMask = 2147483647;
			files = (
				2DE0CF111F72812B00596450 /* LaunchScreen.storyboard in Resources */,
				2DE0CF0E1F72812B00596450 /* Assets.xcassets in Resources */,
				2D128E601F73C16A0063501D /* pokemon.csv in Resources */,
				2DE0CF0C1F72812B00596450 /* Main.storyboard in Resources */,
			);
			runOnlyForDeploymentPostprocessing = 0;
		};
		2DE0CF151F72812B00596450 /* Resources */ = {
			isa = PBXResourcesBuildPhase;
			buildActionMask = 2147483647;
			files = (
			);
			runOnlyForDeploymentPostprocessing = 0;
		};
		2DE0CF201F72812B00596450 /* Resources */ = {
			isa = PBXResourcesBuildPhase;
			buildActionMask = 2147483647;
			files = (
			);
			runOnlyForDeploymentPostprocessing = 0;
		};
/* End PBXResourcesBuildPhase section */

/* Begin PBXSourcesBuildPhase section */
		2DE0CEFF1F72812B00596450 /* Sources */ = {
			isa = PBXSourcesBuildPhase;
			buildActionMask = 2147483647;
			files = (
				2DE0CF091F72812B00596450 /* ViewController.swift in Sources */,
				2DE0CF3B1F72EDAD00596450 /* pokecell.swift in Sources */,
				2DE0CF361F72882400596450 /* poke class.swift in Sources */,
				2DE0CF071F72812B00596450 /* AppDelegate.swift in Sources */,
				2DA950C31F783259006666CF /* pokeDescVC.swift in Sources */,
				2D128E5E1F73C0DC0063501D /* csv.swift in Sources */,
			);
			runOnlyForDeploymentPostprocessing = 0;
		};
		2DE0CF131F72812B00596450 /* Sources */ = {
			isa = PBXSourcesBuildPhase;
			buildActionMask = 2147483647;
			files = (
				2DE0CF1C1F72812B00596450 /* pokedexTests.swift in Sources */,
			);
			runOnlyForDeploymentPostprocessing = 0;
		};
		2DE0CF1E1F72812B00596450 /* Sources */ = {
			isa = PBXSourcesBuildPhase;
			buildActionMask = 2147483647;
			files = (
				2DE0CF271F72812B00596450 /* pokedexUITests.swift in Sources */,
			);
			runOnlyForDeploymentPostprocessing = 0;
		};
/* End PBXSourcesBuildPhase section */

/* Begin PBXTargetDependency section */
		2DE0CF191F72812B00596450 /* PBXTargetDependency */ = {
			isa = PBXTargetDependency;
			target = 2DE0CF021F72812B00596450 /* pokedex */;
			targetProxy = 2DE0CF181F72812B00596450 /* PBXContainerItemProxy */;
		};
		2DE0CF241F72812B00596450 /* PBXTargetDependency */ = {
			isa = PBXTargetDependency;
			target = 2DE0CF021F72812B00596450 /* pokedex */;
			targetProxy = 2DE0CF231F72812B00596450 /* PBXContainerItemProxy */;
		};
/* End PBXTargetDependency section */

/* Begin PBXVariantGroup section */
		2DE0CF0A1F72812B00596450 /* Main.storyboard */ = {
			isa = PBXVariantGroup;
			children = (
				2DE0CF0B1F72812B00596450 /* Base */,
			);
			name = Main.storyboard;
			sourceTree = "<group>";
		};
		2DE0CF0F1F72812B00596450 /* LaunchScreen.storyboard */ = {
			isa = PBXVariantGroup;
			children = (
				2DE0CF101F72812B00596450 /* Base */,
			);
			name = LaunchScreen.storyboard;
			sourceTree = "<group>";
		};
/* End PBXVariantGroup section */

/* Begin XCBuildConfiguration section */
		2DE0CF291F72812B00596450 /* Debug */ = {
			isa = XCBuildConfiguration;
			buildSettings = {
				ALWAYS_SEARCH_USER_PATHS = NO;
				CLANG_ANALYZER_NONNULL = YES;
				CLANG_ANALYZER_NUMBER_OBJECT_CONVERSION = YES_AGGRESSIVE;
				CLANG_CXX_LANGUAGE_STANDARD = "gnu++0x";
				CLANG_CXX_LIBRARY = "libc++";
				CLANG_ENABLE_MODULES = YES;
				CLANG_ENABLE_OBJC_ARC = YES;
				CLANG_WARN_BOOL_CONVERSION = YES;
				CLANG_WARN_CONSTANT_CONVERSION = YES;
				CLANG_WARN_DIRECT_OBJC_ISA_USAGE = YES_ERROR;
				CLANG_WARN_DOCUMENTATION_COMMENTS = YES;
				CLANG_WARN_EMPTY_BODY = YES;
				CLANG_WARN_ENUM_CONVERSION = YES;
				CLANG_WARN_INFINITE_RECURSION = YES;
				CLANG_WARN_INT_CONVERSION = YES;
				CLANG_WARN_OBJC_ROOT_CLASS = YES_ERROR;
				CLANG_WARN_SUSPICIOUS_MOVE = YES;
				CLANG_WARN_UNREACHABLE_CODE = YES;
				CLANG_WARN__DUPLICATE_METHOD_MATCH = YES;
				"CODE_SIGN_IDENTITY[sdk=iphoneos*]" = "iPhone Developer";
				COPY_PHASE_STRIP = NO;
				DEBUG_INFORMATION_FORMAT = dwarf;
				ENABLE_STRICT_OBJC_MSGSEND = YES;
				ENABLE_TESTABILITY = YES;
				GCC_C_LANGUAGE_STANDARD = gnu99;
				GCC_DYNAMIC_NO_PIC = NO;
				GCC_NO_COMMON_BLOCKS = YES;
				GCC_OPTIMIZATION_LEVEL = 0;
				GCC_PREPROCESSOR_DEFINITIONS = (
					"DEBUG=1",
					"$(inherited)",
				);
				GCC_WARN_64_TO_32_BIT_CONVERSION = YES;
				GCC_WARN_ABOUT_RETURN_TYPE = YES_ERROR;
				GCC_WARN_UNDECLARED_SELECTOR = YES;
				GCC_WARN_UNINITIALIZED_AUTOS = YES_AGGRESSIVE;
				GCC_WARN_UNUSED_FUNCTION = YES;
				GCC_WARN_UNUSED_VARIABLE = YES;
				IPHONEOS_DEPLOYMENT_TARGET = 10.3;
				MTL_ENABLE_DEBUG_INFO = YES;
				ONLY_ACTIVE_ARCH = YES;
				SDKROOT = iphoneos;
				SWIFT_ACTIVE_COMPILATION_CONDITIONS = DEBUG;
				SWIFT_OPTIMIZATION_LEVEL = "-Onone";
				TARGETED_DEVICE_FAMILY = "1,2";
			};
			name = Debug;
		};
		2DE0CF2A1F72812B00596450 /* Release */ = {
			isa = XCBuildConfiguration;
			buildSettings = {
				ALWAYS_SEARCH_USER_PATHS = NO;
				CLANG_ANALYZER_NONNULL = YES;
				CLANG_ANALYZER_NUMBER_OBJECT_CONVERSION = YES_AGGRESSIVE;
				CLANG_CXX_LANGUAGE_STANDARD = "gnu++0x";
				CLANG_CXX_LIBRARY = "libc++";
				CLANG_ENABLE_MODULES = YES;
				CLANG_ENABLE_OBJC_ARC = YES;
				CLANG_WARN_BOOL_CONVERSION = YES;
				CLANG_WARN_CONSTANT_CONVERSION = YES;
				CLANG_WARN_DIRECT_OBJC_ISA_USAGE = YES_ERROR;
				CLANG_WARN_DOCUMENTATION_COMMENTS = YES;
				CLANG_WARN_EMPTY_BODY = YES;
				CLANG_WARN_ENUM_CONVERSION = YES;
				CLANG_WARN_INFINITE_RECURSION = YES;
				CLANG_WARN_INT_CONVERSION = YES;
				CLANG_WARN_OBJC_ROOT_CLASS = YES_ERROR;
				CLANG_WARN_SUSPICIOUS_MOVE = YES;
				CLANG_WARN_UNREACHABLE_CODE = YES;
				CLANG_WARN__DUPLICATE_METHOD_MATCH = YES;
				"CODE_SIGN_IDENTITY[sdk=iphoneos*]" = "iPhone Developer";
				COPY_PHASE_STRIP = NO;
				DEBUG_INFORMATION_FORMAT = "dwarf-with-dsym";
				ENABLE_NS_ASSERTIONS = NO;
				ENABLE_STRICT_OBJC_MSGSEND = YES;
				GCC_C_LANGUAGE_STANDARD = gnu99;
				GCC_NO_COMMON_BLOCKS = YES;
				GCC_WARN_64_TO_32_BIT_CONVERSION = YES;
				GCC_WARN_ABOUT_RETURN_TYPE = YES_ERROR;
				GCC_WARN_UNDECLARED_SELECTOR = YES;
				GCC_WARN_UNINITIALIZED_AUTOS = YES_AGGRESSIVE;
				GCC_WARN_UNUSED_FUNCTION = YES;
				GCC_WARN_UNUSED_VARIABLE = YES;
				IPHONEOS_DEPLOYMENT_TARGET = 10.3;
				MTL_ENABLE_DEBUG_INFO = NO;
				SDKROOT = iphoneos;
				SWIFT_OPTIMIZATION_LEVEL = "-Owholemodule";
				TARGETED_DEVICE_FAMILY = "1,2";
				VALIDATE_PRODUCT = YES;
			};
			name = Release;
		};
		2DE0CF2C1F72812B00596450 /* Debug */ = {
			isa = XCBuildConfiguration;
			buildSettings = {
				ASSETCATALOG_COMPILER_APPICON_NAME = AppIcon;
				DEVELOPMENT_TEAM = L98R8KN4LV;
				INFOPLIST_FILE = pokedex/Info.plist;
				LD_RUNPATH_SEARCH_PATHS = "$(inherited) @executable_path/Frameworks";
				PRODUCT_BUNDLE_IDENTIFIER = a.pokedex;
				PRODUCT_NAME = "$(TARGET_NAME)";
				SWIFT_VERSION = 4.0;
			};
			name = Debug;
		};
		2DE0CF2D1F72812B00596450 /* Release */ = {
			isa = XCBuildConfiguration;
			buildSettings = {
				ASSETCATALOG_COMPILER_APPICON_NAME = AppIcon;
				DEVELOPMENT_TEAM = L98R8KN4LV;
				INFOPLIST_FILE = pokedex/Info.plist;
				LD_RUNPATH_SEARCH_PATHS = "$(inherited) @executable_path/Frameworks";
				PRODUCT_BUNDLE_IDENTIFIER = a.pokedex;
				PRODUCT_NAME = "$(TARGET_NAME)";
				SWIFT_VERSION = 4.0;
			};
			name = Release;
		};
		2DE0CF2F1F72812B00596450 /* Debug */ = {
			isa = XCBuildConfiguration;
			buildSettings = {
				ALWAYS_EMBED_SWIFT_STANDARD_LIBRARIES = YES;
				BUNDLE_LOADER = "$(TEST_HOST)";
				DEVELOPMENT_TEAM = L98R8KN4LV;
				INFOPLIST_FILE = pokedexTests/Info.plist;
				LD_RUNPATH_SEARCH_PATHS = "$(inherited) @executable_path/Frameworks @loader_path/Frameworks";
				PRODUCT_BUNDLE_IDENTIFIER = a.pokedexTests;
				PRODUCT_NAME = "$(TARGET_NAME)";
				SWIFT_VERSION = 3.0;
				TEST_HOST = "$(BUILT_PRODUCTS_DIR)/pokedex.app/pokedex";
			};
			name = Debug;
		};
		2DE0CF301F72812B00596450 /* Release */ = {
			isa = XCBuildConfiguration;
			buildSettings = {
				ALWAYS_EMBED_SWIFT_STANDARD_LIBRARIES = YES;
				BUNDLE_LOADER = "$(TEST_HOST)";
				DEVELOPMENT_TEAM = L98R8KN4LV;
				INFOPLIST_FILE = pokedexTests/Info.plist;
				LD_RUNPATH_SEARCH_PATHS = "$(inherited) @executable_path/Frameworks @loader_path/Frameworks";
				PRODUCT_BUNDLE_IDENTIFIER = a.pokedexTests;
				PRODUCT_NAME = "$(TARGET_NAME)";
				SWIFT_VERSION = 3.0;
				TEST_HOST = "$(BUILT_PRODUCTS_DIR)/pokedex.app/pokedex";
			};
			name = Release;
		};
		2DE0CF321F72812B00596450 /* Debug */ = {
			isa = XCBuildConfiguration;
			buildSettings = {
				ALWAYS_EMBED_SWIFT_STANDARD_LIBRARIES = YES;
				DEVELOPMENT_TEAM = L98R8KN4LV;
				INFOPLIST_FILE = pokedexUITests/Info.plist;
				LD_RUNPATH_SEARCH_PATHS = "$(inherited) @executable_path/Frameworks @loader_path/Frameworks";
				PRODUCT_BUNDLE_IDENTIFIER = a.pokedexUITests;
				PRODUCT_NAME = "$(TARGET_NAME)";
				SWIFT_VERSION = 3.0;
				TEST_TARGET_NAME = pokedex;
			};
			name = Debug;
		};
		2DE0CF331F72812B00596450 /* Release */ = {
			isa = XCBuildConfiguration;
			buildSettings = {
				ALWAYS_EMBED_SWIFT_STANDARD_LIBRARIES = YES;
				DEVELOPMENT_TEAM = L98R8KN4LV;
				INFOPLIST_FILE = pokedexUITests/Info.plist;
				LD_RUNPATH_SEARCH_PATHS = "$(inherited) @executable_path/Frameworks @loader_path/Frameworks";
				PRODUCT_BUNDLE_IDENTIFIER = a.pokedexUITests;
				PRODUCT_NAME = "$(TARGET_NAME)";
				SWIFT_VERSION = 3.0;
				TEST_TARGET_NAME = pokedex;
			};
			name = Release;
		};
/* End XCBuildConfiguration section */

/* Begin XCConfigurationList section */
		2DE0CEFE1F72812B00596450 /* Build configuration list for PBXProject "pokedex" */ = {
			isa = XCConfigurationList;
			buildConfigurations = (
				2DE0CF291F72812B00596450 /* Debug */,
				2DE0CF2A1F72812B00596450 /* Release */,
			);
			defaultConfigurationIsVisible = 0;
			defaultConfigurationName = Release;
		};
		2DE0CF2B1F72812B00596450 /* Build configuration list for PBXNativeTarget "pokedex" */ = {
			isa = XCConfigurationList;
			buildConfigurations = (
				2DE0CF2C1F72812B00596450 /* Debug */,
				2DE0CF2D1F72812B00596450 /* Release */,
			);
			defaultConfigurationIsVisible = 0;
			defaultConfigurationName = Release;
		};
		2DE0CF2E1F72812B00596450 /* Build configuration list for PBXNativeTarget "pokedexTests" */ = {
			isa = XCConfigurationList;
			buildConfigurations = (
				2DE0CF2F1F72812B00596450 /* Debug */,
				2DE0CF301F72812B00596450 /* Release */,
			);
			defaultConfigurationIsVisible = 0;
			defaultConfigurationName = Release;
		};
		2DE0CF311F72812B00596450 /* Build configuration list for PBXNativeTarget "pokedexUITests" */ = {
			isa = XCConfigurationList;
			buildConfigurations = (
				2DE0CF321F72812B00596450 /* Debug */,
				2DE0CF331F72812B00596450 /* Release */,
			);
			defaultConfigurationIsVisible = 0;
			defaultConfigurationName = Release;
		};
/* End XCConfigurationList section */
	};
	rootObject = 2DE0CEFB1F72812B00596450 /* Project object */;
}
